
Microsoft Visual Studio Solution File, Format Version 12.00
# Visual Studio Version 17
VisualStudioVersion = 17.10.34916.146
MinimumVisualStudioVersion = 10.0.40219.1
Project("{2150E333-8FDC-42A3-9474-1A3956D46DE8}") = "src", "src", "{3C156DFA-3B75-4E1E-BA6C-D7F75EDC8024}"
EndProject
Project("{2150E333-8FDC-42A3-9474-1A3956D46DE8}") = "Backend", "Backend", "{08D7B893-1A4E-48F3-8698-804EB6D070B0}"
EndProject
Project("{2150E333-8FDC-42A3-9474-1A3956D46DE8}") = "Frotend", "Frotend", "{848689FA-7A0D-4EB8-B751-6602E27DE7FE}"
EndProject
Project("{2150E333-8FDC-42A3-9474-1A3956D46DE8}") = "common", "common", "{85DBEC54-1DCD-491C-B7BF-18FF60D5EE25}"
EndProject
Project("{2150E333-8FDC-42A3-9474-1A3956D46DE8}") = "infrastructure", "infrastructure", "{BEC9E9E5-7320-45A9-8E40-BA6EB2B49C11}"
EndProject
Project("{9A19103F-16F7-4668-BE54-9A1E7A4F7556}") = "BusProArchitecture.common.Data", "BusProArchitecture.common.Data\BusProArchitecture.common.Data.csproj", "{EFF65E4B-DC52-4ECD-8C83-E651192B909C}"
EndProject
Project("{2150E333-8FDC-42A3-9474-1A3956D46DE8}") = "Modules", "Modules", "{E4C298D1-5E55-4F9C-B5AB-5C83D59CDC02}"
EndProject
Project("{2150E333-8FDC-42A3-9474-1A3956D46DE8}") = "Reserva Managment", "Reserva Managment", "{8076E348-FFFB-4B83-BABD-66444D233C49}"
EndProject
Project("{2150E333-8FDC-42A3-9474-1A3956D46DE8}") = "Apis", "Apis", "{D3102C65-71A3-4553-B315-58BFD2DBED94}"
EndProject
Project("{2150E333-8FDC-42A3-9474-1A3956D46DE8}") = "Application", "Application", "{27198A45-B42B-4185-943B-F47A07110B4E}"
EndProject
Project("{2150E333-8FDC-42A3-9474-1A3956D46DE8}") = "Domain", "Domain", "{3331BF7A-7E55-42CC-BA40-57AD2724A8F4}"
EndProject
Project("{2150E333-8FDC-42A3-9474-1A3956D46DE8}") = "Persistence", "Persistence", "{89E500C3-7BA7-4C4E-9325-059A5FDCFE39}"
EndProject
Project("{2150E333-8FDC-42A3-9474-1A3956D46DE8}") = "Usuario Managment", "Usuario Managment", "{E65C549A-2DEA-4B95-95B7-695697C5278B}"
EndProject
Project("{2150E333-8FDC-42A3-9474-1A3956D46DE8}") = "Apis", "Apis", "{1B3B874F-E0DF-4FF7-8447-905FF3B85FFE}"
EndProject
Project("{2150E333-8FDC-42A3-9474-1A3956D46DE8}") = "Application", "Application", "{B05A601A-370C-43A5-87B7-2D240FD2E76E}"
EndProject
Project("{2150E333-8FDC-42A3-9474-1A3956D46DE8}") = "Domain", "Domain", "{741D7EB7-1C38-4FD1-B686-8C9EBC34BC3A}"
EndProject
Project("{2150E333-8FDC-42A3-9474-1A3956D46DE8}") = "Persistence", "Persistence", "{9E4708AE-3E0B-4046-AB84-23F998A43687}"
EndProject
Project("{9A19103F-16F7-4668-BE54-9A1E7A4F7556}") = "BusProArchitecture.Reserva.Api", "BusProArchitecture.Reserva.Api\BusProArchitecture.Reserva.Api.csproj", "{F337AF3A-781D-4950-AE05-53A1506053A7}"
EndProject
Project("{9A19103F-16F7-4668-BE54-9A1E7A4F7556}") = "BusProArchitecture.Usuario.Api", "BusProArchitecture.Usuario.Api\BusProArchitecture.Usuario.Api.csproj", "{0492B397-2061-462E-A8EA-6D0E58B27FB0}"
EndProject
Project("{9A19103F-16F7-4668-BE54-9A1E7A4F7556}") = "BusProArchitecture.Reserva.Application", "BusProArchitecture.Reserva.Application\BusProArchitecture.Reserva.Application.csproj", "{9FE07E60-37F3-4612-A865-BB3C502405E8}"
EndProject
Project("{9A19103F-16F7-4668-BE54-9A1E7A4F7556}") = "BusProArchitecture.Usuario.aplication", "BusProArchitecture.Usuario.aplication\BusProArchitecture.Usuario.aplication.csproj", "{29749ED8-3B88-499F-AA92-C3EFF3573AE2}"
EndProject
Project("{9A19103F-16F7-4668-BE54-9A1E7A4F7556}") = "BusProArchitecture.Reserva.Domain", "BusProArchitecture.Reserva.Domain\BusProArchitecture.Reserva.Domain.csproj", "{BE0D51DE-1ED5-49B1-8803-30494DA799BE}"
EndProject
Project("{9A19103F-16F7-4668-BE54-9A1E7A4F7556}") = "BusProArchitecture.Usuario.Domain", "BusProArchitecture.Usuario.Domain\BusProArchitecture.Usuario.Domain.csproj", "{A8CF126B-5281-42E6-81E2-F7DEF87EF3CF}"
EndProject
Project("{9A19103F-16F7-4668-BE54-9A1E7A4F7556}") = "BusProArchitecture.Reserva.Persistence", "BusProArchitecture.Reserva.Persistence\BusProArchitecture.Reserva.Persistence.csproj", "{94CC723A-1B05-4CCE-970E-B65B1ECBD56F}"
EndProject
Project("{9A19103F-16F7-4668-BE54-9A1E7A4F7556}") = "BusProArchitecture.Usuario.Persistence", "BusProArchitecture.Usuario.Persistence\BusProArchitecture.Usuario.Persistence.csproj", "{040DAA86-9E7A-4A59-8B53-A5B39DDB535F}"
EndProject
Project("{FAE04EC0-301F-11D3-BF4B-00C04F79EFBC}") = "BusProArchitecture.Infrastructure", "BusProArchitecture.Infrastructure\BusProArchitecture.Infrastructure.csproj", "{45423399-06E4-445C-924C-9F0869D482F7}"
EndProject
Global
	GlobalSection(SolutionConfigurationPlatforms) = preSolution
		Debug|Any CPU = Debug|Any CPU
		Release|Any CPU = Release|Any CPU
	EndGlobalSection
	GlobalSection(ProjectConfigurationPlatforms) = postSolution
		{EFF65E4B-DC52-4ECD-8C83-E651192B909C}.Debug|Any CPU.ActiveCfg = Debug|Any CPU
		{EFF65E4B-DC52-4ECD-8C83-E651192B909C}.Debug|Any CPU.Build.0 = Debug|Any CPU
		{EFF65E4B-DC52-4ECD-8C83-E651192B909C}.Release|Any CPU.ActiveCfg = Release|Any CPU
		{EFF65E4B-DC52-4ECD-8C83-E651192B909C}.Release|Any CPU.Build.0 = Release|Any CPU
		{F337AF3A-781D-4950-AE05-53A1506053A7}.Debug|Any CPU.ActiveCfg = Debug|Any CPU
		{F337AF3A-781D-4950-AE05-53A1506053A7}.Debug|Any CPU.Build.0 = Debug|Any CPU
		{F337AF3A-781D-4950-AE05-53A1506053A7}.Release|Any CPU.ActiveCfg = Release|Any CPU
		{F337AF3A-781D-4950-AE05-53A1506053A7}.Release|Any CPU.Build.0 = Release|Any CPU
		{0492B397-2061-462E-A8EA-6D0E58B27FB0}.Debug|Any CPU.ActiveCfg = Debug|Any CPU
		{0492B397-2061-462E-A8EA-6D0E58B27FB0}.Debug|Any CPU.Build.0 = Debug|Any CPU
		{0492B397-2061-462E-A8EA-6D0E58B27FB0}.Release|Any CPU.ActiveCfg = Release|Any CPU
		{0492B397-2061-462E-A8EA-6D0E58B27FB0}.Release|Any CPU.Build.0 = Release|Any CPU
		{9FE07E60-37F3-4612-A865-BB3C502405E8}.Debug|Any CPU.ActiveCfg = Debug|Any CPU
		{9FE07E60-37F3-4612-A865-BB3C502405E8}.Debug|Any CPU.Build.0 = Debug|Any CPU
		{9FE07E60-37F3-4612-A865-BB3C502405E8}.Release|Any CPU.ActiveCfg = Release|Any CPU
		{9FE07E60-37F3-4612-A865-BB3C502405E8}.Release|Any CPU.Build.0 = Release|Any CPU
		{29749ED8-3B88-499F-AA92-C3EFF3573AE2}.Debug|Any CPU.ActiveCfg = Debug|Any CPU
		{29749ED8-3B88-499F-AA92-C3EFF3573AE2}.Debug|Any CPU.Build.0 = Debug|Any CPU
		{29749ED8-3B88-499F-AA92-C3EFF3573AE2}.Release|Any CPU.ActiveCfg = Release|Any CPU
		{29749ED8-3B88-499F-AA92-C3EFF3573AE2}.Release|Any CPU.Build.0 = Release|Any CPU
		{BE0D51DE-1ED5-49B1-8803-30494DA799BE}.Debug|Any CPU.ActiveCfg = Debug|Any CPU
		{BE0D51DE-1ED5-49B1-8803-30494DA799BE}.Debug|Any CPU.Build.0 = Debug|Any CPU
		{BE0D51DE-1ED5-49B1-8803-30494DA799BE}.Release|Any CPU.ActiveCfg = Release|Any CPU
		{BE0D51DE-1ED5-49B1-8803-30494DA799BE}.Release|Any CPU.Build.0 = Release|Any CPU
		{A8CF126B-5281-42E6-81E2-F7DEF87EF3CF}.Debug|Any CPU.ActiveCfg = Debug|Any CPU
		{A8CF126B-5281-42E6-81E2-F7DEF87EF3CF}.Debug|Any CPU.Build.0 = Debug|Any CPU
		{A8CF126B-5281-42E6-81E2-F7DEF87EF3CF}.Release|Any CPU.ActiveCfg = Release|Any CPU
		{A8CF126B-5281-42E6-81E2-F7DEF87EF3CF}.Release|Any CPU.Build.0 = Release|Any CPU
		{94CC723A-1B05-4CCE-970E-B65B1ECBD56F}.Debug|Any CPU.ActiveCfg = Debug|Any CPU
		{94CC723A-1B05-4CCE-970E-B65B1ECBD56F}.Debug|Any CPU.Build.0 = Debug|Any CPU
		{94CC723A-1B05-4CCE-970E-B65B1ECBD56F}.Release|Any CPU.ActiveCfg = Release|Any CPU
		{94CC723A-1B05-4CCE-970E-B65B1ECBD56F}.Release|Any CPU.Build.0 = Release|Any CPU
		{040DAA86-9E7A-4A59-8B53-A5B39DDB535F}.Debug|Any CPU.ActiveCfg = Debug|Any CPU
		{040DAA86-9E7A-4A59-8B53-A5B39DDB535F}.Debug|Any CPU.Build.0 = Debug|Any CPU
		{040DAA86-9E7A-4A59-8B53-A5B39DDB535F}.Release|Any CPU.ActiveCfg = Release|Any CPU
		{040DAA86-9E7A-4A59-8B53-A5B39DDB535F}.Release|Any CPU.Build.0 = Release|Any CPU
		{45423399-06E4-445C-924C-9F0869D482F7}.Debug|Any CPU.ActiveCfg = Debug|Any CPU
		{45423399-06E4-445C-924C-9F0869D482F7}.Debug|Any CPU.Build.0 = Debug|Any CPU
		{45423399-06E4-445C-924C-9F0869D482F7}.Release|Any CPU.ActiveCfg = Release|Any CPU
		{45423399-06E4-445C-924C-9F0869D482F7}.Release|Any CPU.Build.0 = Release|Any CPU
	EndGlobalSection
	GlobalSection(SolutionProperties) = preSolution
		HideSolutionNode = FALSE
	EndGlobalSection
	GlobalSection(NestedProjects) = preSolution
		{08D7B893-1A4E-48F3-8698-804EB6D070B0} = {3C156DFA-3B75-4E1E-BA6C-D7F75EDC8024}
		{848689FA-7A0D-4EB8-B751-6602E27DE7FE} = {3C156DFA-3B75-4E1E-BA6C-D7F75EDC8024}
		{85DBEC54-1DCD-491C-B7BF-18FF60D5EE25} = {08D7B893-1A4E-48F3-8698-804EB6D070B0}
		{BEC9E9E5-7320-45A9-8E40-BA6EB2B49C11} = {08D7B893-1A4E-48F3-8698-804EB6D070B0}
		{EFF65E4B-DC52-4ECD-8C83-E651192B909C} = {85DBEC54-1DCD-491C-B7BF-18FF60D5EE25}
		{E4C298D1-5E55-4F9C-B5AB-5C83D59CDC02} = {08D7B893-1A4E-48F3-8698-804EB6D070B0}
		{8076E348-FFFB-4B83-BABD-66444D233C49} = {E4C298D1-5E55-4F9C-B5AB-5C83D59CDC02}
		{D3102C65-71A3-4553-B315-58BFD2DBED94} = {8076E348-FFFB-4B83-BABD-66444D233C49}
		{27198A45-B42B-4185-943B-F47A07110B4E} = {8076E348-FFFB-4B83-BABD-66444D233C49}
		{3331BF7A-7E55-42CC-BA40-57AD2724A8F4} = {8076E348-FFFB-4B83-BABD-66444D233C49}
		{89E500C3-7BA7-4C4E-9325-059A5FDCFE39} = {8076E348-FFFB-4B83-BABD-66444D233C49}
		{E65C549A-2DEA-4B95-95B7-695697C5278B} = {E4C298D1-5E55-4F9C-B5AB-5C83D59CDC02}
		{1B3B874F-E0DF-4FF7-8447-905FF3B85FFE} = {E65C549A-2DEA-4B95-95B7-695697C5278B}
		{B05A601A-370C-43A5-87B7-2D240FD2E76E} = {E65C549A-2DEA-4B95-95B7-695697C5278B}
		{741D7EB7-1C38-4FD1-B686-8C9EBC34BC3A} = {E65C549A-2DEA-4B95-95B7-695697C5278B}
		{9E4708AE-3E0B-4046-AB84-23F998A43687} = {E65C549A-2DEA-4B95-95B7-695697C5278B}
		{F337AF3A-781D-4950-AE05-53A1506053A7} = {D3102C65-71A3-4553-B315-58BFD2DBED94}
		{0492B397-2061-462E-A8EA-6D0E58B27FB0} = {1B3B874F-E0DF-4FF7-8447-905FF3B85FFE}
		{9FE07E60-37F3-4612-A865-BB3C502405E8} = {27198A45-B42B-4185-943B-F47A07110B4E}
		{29749ED8-3B88-499F-AA92-C3EFF3573AE2} = {B05A601A-370C-43A5-87B7-2D240FD2E76E}
		{BE0D51DE-1ED5-49B1-8803-30494DA799BE} = {3331BF7A-7E55-42CC-BA40-57AD2724A8F4}
		{A8CF126B-5281-42E6-81E2-F7DEF87EF3CF} = {741D7EB7-1C38-4FD1-B686-8C9EBC34BC3A}
		{94CC723A-1B05-4CCE-970E-B65B1ECBD56F} = {89E500C3-7BA7-4C4E-9325-059A5FDCFE39}
		{040DAA86-9E7A-4A59-8B53-A5B39DDB535F} = {9E4708AE-3E0B-4046-AB84-23F998A43687}
		{45423399-06E4-445C-924C-9F0869D482F7} = {BEC9E9E5-7320-45A9-8E40-BA6EB2B49C11}
	EndGlobalSection
	GlobalSection(ExtensibilityGlobals) = postSolution
		SolutionGuid = {4AC0BB7D-AABE-4881-ADCB-8F5BCE645BF9}
	EndGlobalSection
EndGlobal
